// !$*UTF8*$!
{
	archiveVersion = 1;
	classes = {
	};
	objectVersion = 46;
	objects = {

/* Begin PBXBuildFile section */
		F4013F931A6CD1DC001DEDD4 /* main.m in Sources */ = {isa = PBXBuildFile; fileRef = F4013F921A6CD1DC001DEDD4 /* main.m */; };
		F4013F961A6CD1DC001DEDD4 /* AppDelegate.m in Sources */ = {isa = PBXBuildFile; fileRef = F4013F951A6CD1DC001DEDD4 /* AppDelegate.m */; };
		F4013F991A6CD1DC001DEDD4 /* ViewController.m in Sources */ = {isa = PBXBuildFile; fileRef = F4013F981A6CD1DC001DEDD4 /* ViewController.m */; };
		F4013F9C1A6CD1DC001DEDD4 /* Main.storyboard in Resources */ = {isa = PBXBuildFile; fileRef = F4013F9A1A6CD1DC001DEDD4 /* Main.storyboard */; };
		F4013F9E1A6CD1DC001DEDD4 /* Images.xcassets in Resources */ = {isa = PBXBuildFile; fileRef = F4013F9D1A6CD1DC001DEDD4 /* Images.xcassets */; };
		F4013FA11A6CD1DC001DEDD4 /* LaunchScreen.xib in Resources */ = {isa = PBXBuildFile; fileRef = F4013F9F1A6CD1DC001DEDD4 /* LaunchScreen.xib */; };
		F4013FAD1A6CD1DC001DEDD4 /* TestProjectTests.m in Sources */ = {isa = PBXBuildFile; fileRef = F4013FAC1A6CD1DC001DEDD4 /* TestProjectTests.m */; };
/* End PBXBuildFile section */

/* Begin PBXContainerItemProxy section */
		F4013FA71A6CD1DC001DEDD4 /* PBXContainerItemProxy */ = {
			isa = PBXContainerItemProxy;
			containerPortal = F4013F851A6CD1DC001DEDD4 /* Project object */;
			proxyType = 1;
			remoteGlobalIDString = F4013F8C1A6CD1DC001DEDD4;
			remoteInfo = TestProject;
		};
/* End PBXContainerItemProxy section */

/* Begin PBXFileReference section */
		F4013F8D1A6CD1DC001DEDD4 /* TestProject.app */ = {isa = PBXFileReference; explicitFileType = wrapper.application; includeInIndex = 0; path = TestProject.app; sourceTree = BUILT_PRODUCTS_DIR; };
		F4013F911A6CD1DC001DEDD4 /* Info.plist */ = {isa = PBXFileReference; lastKnownFileType = text.plist.xml; path = Info.plist; sourceTree = "<group>"; };
		F4013F921A6CD1DC001DEDD4 /* main.m */ = {isa = PBXFileReference; lastKnownFileType = sourcecode.c.objc; path = main.m; sourceTree = "<group>"; };
		F4013F941A6CD1DC001DEDD4 /* AppDelegate.h */ = {isa = PBXFileReference; lastKnownFileType = sourcecode.c.h; path = AppDelegate.h; sourceTree = "<group>"; };
		F4013F951A6CD1DC001DEDD4 /* AppDelegate.m */ = {isa = PBXFileReference; lastKnownFileType = sourcecode.c.objc; path = AppDelegate.m; sourceTree = "<group>"; };
		F4013F971A6CD1DC001DEDD4 /* ViewController.h */ = {isa = PBXFileReference; lastKnownFileType = sourcecode.c.h; path = ViewController.h; sourceTree = "<group>"; };
		F4013F981A6CD1DC001DEDD4 /* ViewController.m */ = {isa = PBXFileReference; lastKnownFileType = sourcecode.c.objc; path = ViewController.m; sourceTree = "<group>"; };
		F4013F9B1A6CD1DC001DEDD4 /* Base */ = {isa = PBXFileReference; lastKnownFileType = file.storyboard; name = Base; path = Base.lproj/Main.storyboard; sourceTree = "<group>"; };
		F4013F9D1A6CD1DC001DEDD4 /* Images.xcassets */ = {isa = PBXFileReference; lastKnownFileType = folder.assetcatalog; path = Images.xcassets; sourceTree = "<group>"; };
		F4013FA01A6CD1DC001DEDD4 /* Base */ = {isa = PBXFileReference; lastKnownFileType = file.xib; name = Base; path = Base.lproj/LaunchScreen.xib; sourceTree = "<group>"; };
		F4013FA61A6CD1DC001DEDD4 /* TestProjectTests.xctest */ = {isa = PBXFileReference; explicitFileType = wrapper.cfbundle; includeInIndex = 0; path = TestProjectTests.xctest; sourceTree = BUILT_PRODUCTS_DIR; };
		F4013FAB1A6CD1DC001DEDD4 /* Info.plist */ = {isa = PBXFileReference; lastKnownFileType = text.plist.xml; path = Info.plist; sourceTree = "<group>"; };
		F4013FAC1A6CD1DC001DEDD4 /* TestProjectTests.m */ = {isa = PBXFileReference; lastKnownFileType = sourcecode.c.objc; path = TestProjectTests.m; sourceTree = "<group>"; };
/* End PBXFileReference section */

/* Begin PBXFrameworksBuildPhase section */
		F4013F8A1A6CD1DC001DEDD4 /* Frameworks */ = {
			isa = PBXFrameworksBuildPhase;
			buildActionMask = 2147483647;
			files = (
			);
			runOnlyForDeploymentPostprocessing = 0;
		};
		F4013FA31A6CD1DC001DEDD4 /* Frameworks */ = {
			isa = PBXFrameworksBuildPhase;
			buildActionMask = 2147483647;
			files = (
			);
			runOnlyForDeploymentPostprocessing = 0;
		};
/* End PBXFrameworksBuildPhase section */

/* Begin PBXGroup section */
		F4013F841A6CD1DC001DEDD4 = {
			isa = PBXGroup;
			children = (
				F4013F8F1A6CD1DC001DEDD4 /* TestProject */,
				F4013FA91A6CD1DC001DEDD4 /* TestProjectTests */,
				F4013F8E1A6CD1DC001DEDD4 /* Products */,
			);
			sourceTree = "<group>";
		};
		F4013F8E1A6CD1DC001DEDD4 /* Products */ = {
			isa = PBXGroup;
			children = (
				F4013F8D1A6CD1DC001DEDD4 /* TestProject.app */,
				F4013FA61A6CD1DC001DEDD4 /* TestProjectTests.xctest */,
			);
			name = Products;
			sourceTree = "<group>";
		};
		F4013F8F1A6CD1DC001DEDD4 /* TestProject */ = {
			isa = PBXGroup;
			children = (
				F4013F941A6CD1DC001DEDD4 /* AppDelegate.h */,
				F4013F951A6CD1DC001DEDD4 /* AppDelegate.m */,
				F4013F971A6CD1DC001DEDD4 /* ViewController.h */,
				F4013F981A6CD1DC001DEDD4 /* ViewController.m */,
				F4013F9A1A6CD1DC001DEDD4 /* Main.storyboard */,
				F4013F9D1A6CD1DC001DEDD4 /* Images.xcassets */,
				F4013F9F1A6CD1DC001DEDD4 /* LaunchScreen.xib */,
				F4013F901A6CD1DC001DEDD4 /* Supporting Files */,
			);
			path = TestProject;
			sourceTree = "<group>";
		};
		F4013F901A6CD1DC001DEDD4 /* Supporting Files */ = {
			isa = PBXGroup;
			children = (
				F4013F911A6CD1DC001DEDD4 /* Info.plist */,
				F4013F921A6CD1DC001DEDD4 /* main.m */,
			);
			name = "Supporting Files";
			sourceTree = "<group>";
		};
		F4013FA91A6CD1DC001DEDD4 /* TestProjectTests */ = {
			isa = PBXGroup;
			children = (
				F4013FAC1A6CD1DC001DEDD4 /* TestProjectTests.m */,
				F4013FAA1A6CD1DC001DEDD4 /* Supporting Files */,
			);
			path = TestProjectTests;
			sourceTree = "<group>";
		};
		F4013FAA1A6CD1DC001DEDD4 /* Supporting Files */ = {
			isa = PBXGroup;
			children = (
				F4013FAB1A6CD1DC001DEDD4 /* Info.plist */,
			);
			name = "Supporting Files";
			sourceTree = "<group>";
		};
/* End PBXGroup section */

/* Begin PBXNativeTarget section */
		F4013F8C1A6CD1DC001DEDD4 /* TestProject */ = {
			isa = PBXNativeTarget;
			buildConfigurationList = F4013FB01A6CD1DC001DEDD4 /* Build configuration list for PBXNativeTarget "TestProject" */;
			buildPhases = (
				F4013F891A6CD1DC001DEDD4 /* Sources */,
				F4013F8A1A6CD1DC001DEDD4 /* Frameworks */,
				F4013F8B1A6CD1DC001DEDD4 /* Resources */,
			);
			buildRules = (
			);
			dependencies = (
			);
			name = TestProject;
			productName = TestProject;
			productReference = F4013F8D1A6CD1DC001DEDD4 /* TestProject.app */;
			productType = "com.apple.product-type.application";
		};
		F4013FA51A6CD1DC001DEDD4 /* TestProjectTests */ = {
			isa = PBXNativeTarget;
			buildConfigurationList = F4013FB31A6CD1DC001DEDD4 /* Build configuration list for PBXNativeTarget "TestProjectTests" */;
			buildPhases = (
				F4013FA21A6CD1DC001DEDD4 /* Sources */,
				F4013FA31A6CD1DC001DEDD4 /* Frameworks */,
				F4013FA41A6CD1DC001DEDD4 /* Resources */,
			);
			buildRules = (
			);
			dependencies = (
				F4013FA81A6CD1DC001DEDD4 /* PBXTargetDependency */,
			);
			name = TestProjectTests;
			productName = TestProjectTests;
			productReference = F4013FA61A6CD1DC001DEDD4 /* TestProjectTests.xctest */;
			productType = "com.apple.product-type.bundle.unit-test";
		};
/* End PBXNativeTarget section */

/* Begin PBXProject section */
		F4013F851A6CD1DC001DEDD4 /* Project object */ = {
			isa = PBXProject;
			attributes = {
				LastUpgradeCheck = 0610;
				ORGANIZATIONNAME = "Gaurav Arora";
				TargetAttributes = {
					F4013F8C1A6CD1DC001DEDD4 = {
						CreatedOnToolsVersion = 6.1;
					};
					F4013FA51A6CD1DC001DEDD4 = {
						CreatedOnToolsVersion = 6.1;
						TestTargetID = F4013F8C1A6CD1DC001DEDD4;
					};
				};
			};
			buildConfigurationList = F4013F881A6CD1DC001DEDD4 /* Build configuration list for PBXProject "TestProject" */;
			compatibilityVersion = "Xcode 3.2";
			developmentRegion = English;
			hasScannedForEncodings = 0;
			knownRegions = (
				en,
				Base,
			);
			mainGroup = F4013F841A6CD1DC001DEDD4;
			productRefGroup = F4013F8E1A6CD1DC001DEDD4 /* Products */;
			projectDirPath = "";
			projectRoot = "";
			targets = (
				F4013F8C1A6CD1DC001DEDD4 /* TestProject */,
				F4013FA51A6CD1DC001DEDD4 /* TestProjectTests */,
			);
		};
/* End PBXProject section */

/* Begin PBXResourcesBuildPhase section */
		F4013F8B1A6CD1DC001DEDD4 /* Resources */ = {
			isa = PBXResourcesBuildPhase;
			buildActionMask = 2147483647;
			files = (
				F4013F9C1A6CD1DC001DEDD4 /* Main.storyboard in Resources */,
				F4013FA11A6CD1DC001DEDD4 /* LaunchScreen.xib in Resources */,
				F4013F9E1A6CD1DC001DEDD4 /* Images.xcassets in Resources */,
			);
			runOnlyForDeploymentPostprocessing = 0;
		};
		F4013FA41A6CD1DC001DEDD4 /* Resources */ = {
			isa = PBXResourcesBuildPhase;
			buildActionMask = 2147483647;
			files = (
			);
			runOnlyForDeploymentPostprocessing = 0;
		};
/* End PBXResourcesBuildPhase section */

/* Begin PBXSourcesBuildPhase section */
		F4013F891A6CD1DC001DEDD4 /* Sources */ = {
			isa = PBXSourcesBuildPhase;
			buildActionMask = 2147483647;
			files = (
				F4013F991A6CD1DC001DEDD4 /* ViewController.m in Sources */,
				F4013F961A6CD1DC001DEDD4 /* AppDelegate.m in Sources */,
				F4013F931A6CD1DC001DEDD4 /* main.m in Sources */,
			);
			runOnlyForDeploymentPostprocessing = 0;
		};
		F4013FA21A6CD1DC001DEDD4 /* Sources */ = {
			isa = PBXSourcesBuildPhase;
			buildActionMask = 2147483647;
			files = (
				F4013FAD1A6CD1DC001DEDD4 /* TestProjectTests.m in Sources */,
			);
			runOnlyForDeploymentPostprocessing = 0;
		};
/* End PBXSourcesBuildPhase section */

/* Begin PBXTargetDependency section */
		F4013FA81A6CD1DC001DEDD4 /* PBXTargetDependency */ = {
			isa = PBXTargetDependency;
			target = F4013F8C1A6CD1DC001DEDD4 /* TestProject */;
			targetProxy = F4013FA71A6CD1DC001DEDD4 /* PBXContainerItemProxy */;
		};
/* End PBXTargetDependency section */

/* Begin PBXVariantGroup section */
		F4013F9A1A6CD1DC001DEDD4 /* Main.storyboard */ = {
			isa = PBXVariantGroup;
			children = (
				F4013F9B1A6CD1DC001DEDD4 /* Base */,
			);
			name = Main.storyboard;
			sourceTree = "<group>";
		};
		F4013F9F1A6CD1DC001DEDD4 /* LaunchScreen.xib */ = {
			isa = PBXVariantGroup;
			children = (
				F4013FA01A6CD1DC001DEDD4 /* Base */,
			);
			name = LaunchScreen.xib;
			sourceTree = "<group>";
		};
/* End PBXVariantGroup section */

/* Begin XCBuildConfiguration section */
		F4013FAE1A6CD1DC001DEDD4 /* Debug */ = {
			isa = XCBuildConfiguration;
			buildSettings = {
				ALWAYS_SEARCH_USER_PATHS = NO;
				CLANG_CXX_LANGUAGE_STANDARD = "gnu++0x";
				CLANG_CXX_LIBRARY = "libc++";
				CLANG_ENABLE_MODULES = YES;
				CLANG_ENABLE_OBJC_ARC = YES;
				CLANG_WARN_BOOL_CONVERSION = YES;
				CLANG_WARN_CONSTANT_CONVERSION = YES;
				CLANG_WARN_DIRECT_OBJC_ISA_USAGE = YES_ERROR;
				CLANG_WARN_EMPTY_BODY = YES;
				CLANG_WARN_ENUM_CONVERSION = YES;
				CLANG_WARN_INT_CONVERSION = YES;
				CLANG_WARN_OBJC_ROOT_CLASS = YES_ERROR;
				CLANG_WARN_UNREACHABLE_CODE = YES;
				CLANG_WARN__DUPLICATE_METHOD_MATCH = YES;
				"CODE_SIGN_IDENTITY[sdk=iphoneos*]" = "iPhone Developer";
				COPY_PHASE_STRIP = NO;
				ENABLE_STRICT_OBJC_MSGSEND = YES;
				GCC_C_LANGUAGE_STANDARD = gnu99;
				GCC_DYNAMIC_NO_PIC = NO;
				GCC_OPTIMIZATION_LEVEL = 0;
				GCC_PREPROCESSOR_DEFINITIONS = (
					"DEBUG=1",
					"$(inherited)",
				);
				GCC_SYMBOLS_PRIVATE_EXTERN = NO;
				GCC_WARN_64_TO_32_BIT_CONVERSION = YES;
				GCC_WARN_ABOUT_RETURN_TYPE = YES_ERROR;
				GCC_WARN_UNDECLARED_SELECTOR = YES;
				GCC_WARN_UNINITIALIZED_AUTOS = YES_AGGRESSIVE;
				GCC_WARN_UNUSED_FUNCTION = YES;
				GCC_WARN_UNUSED_VARIABLE = YES;
				IPHONEOS_DEPLOYMENT_TARGET = 8.1;
				MTL_ENABLE_DEBUG_INFO = YES;
				ONLY_ACTIVE_ARCH = YES;
				SDKROOT = iphoneos;
				TARGETED_DEVICE_FAMILY = "1,2";
			};
			name = Debug;
		};
		F4013FAF1A6CD1DC001DEDD4 /* Release */ = {
			isa = XCBuildConfiguration;
			buildSettings = {
				ALWAYS_SEARCH_USER_PATHS = NO;
				CLANG_CXX_LANGUAGE_STANDARD = "gnu++0x";
				CLANG_CXX_LIBRARY = "libc++";
				CLANG_ENABLE_MODULES = YES;
				CLANG_ENABLE_OBJC_ARC = YES;
				CLANG_WARN_BOOL_CONVERSION = YES;
				CLANG_WARN_CONSTANT_CONVERSION = YES;
				CLANG_WARN_DIRECT_OBJC_ISA_USAGE = YES_ERROR;
				CLANG_WARN_EMPTY_BODY = YES;
				CLANG_WARN_ENUM_CONVERSION = YES;
				CLANG_WARN_INT_CONVERSION = YES;
				CLANG_WARN_OBJC_ROOT_CLASS = YES_ERROR;
				CLANG_WARN_UNREACHABLE_CODE = YES;
				CLANG_WARN__DUPLICATE_METHOD_MATCH = YES;
				"CODE_SIGN_IDENTITY[sdk=iphoneos*]" = "iPhone Developer";
				COPY_PHASE_STRIP = YES;
				ENABLE_NS_ASSERTIONS = NO;
				ENABLE_STRICT_OBJC_MSGSEND = YES;
				GCC_C_LANGUAGE_STANDARD = gnu99;
				GCC_WARN_64_TO_32_BIT_CONVERSION = YES;
				GCC_WARN_ABOUT_RETURN_TYPE = YES_ERROR;
				GCC_WARN_UNDECLARED_SELECTOR = YES;
				GCC_WARN_UNINITIALIZED_AUTOS = YES_AGGRESSIVE;
				GCC_WARN_UNUSED_FUNCTION = YES;
				GCC_WARN_UNUSED_VARIABLE = YES;
				IPHONEOS_DEPLOYMENT_TARGET = 8.1;
				MTL_ENABLE_DEBUG_INFO = NO;
				SDKROOT = iphoneos;
				TARGETED_DEVICE_FAMILY = "1,2";
				VALIDATE_PRODUCT = YES;
			};
			name = Release;
		};
		F4013FB11A6CD1DC001DEDD4 /* Debug */ = {
			isa = XCBuildConfiguration;
			buildSettings = {
				ASSETCATALOG_COMPILER_APPICON_NAME = AppIcon;
				INFOPLIST_FILE = TestProject/Info.plist;
				LD_RUNPATH_SEARCH_PATHS = "$(inherited) @executable_path/Frameworks";
				PRODUCT_NAME = "$(TARGET_NAME)";
			};
			name = Debug;
		};
		F4013FB21A6CD1DC001DEDD4 /* Release */ = {
			isa = XCBuildConfiguration;
			buildSettings = {
				ASSETCATALOG_COMPILER_APPICON_NAME = AppIcon;
				INFOPLIST_FILE = TestProject/Info.plist;
				LD_RUNPATH_SEARCH_PATHS = "$(inherited) @executable_path/Frameworks";
				PRODUCT_NAME = "$(TARGET_NAME)";
			};
			name = Release;
		};
		F4013FB41A6CD1DC001DEDD4 /* Debug */ = {
			isa = XCBuildConfiguration;
			buildSettings = {
				BUNDLE_LOADER = "$(TEST_HOST)";
				FRAMEWORK_SEARCH_PATHS = (
					"$(SDKROOT)/Developer/Library/Frameworks",
					"$(inherited)",
				);
				GCC_PREPROCESSOR_DEFINITIONS = (
					"DEBUG=1",
					"$(inherited)",
				);
				INFOPLIST_FILE = TestProjectTests/Info.plist;
				LD_RUNPATH_SEARCH_PATHS = "$(inherited) @executable_path/Frameworks @loader_path/Frameworks";
				PRODUCT_NAME = "$(TARGET_NAME)";
				TEST_HOST = "$(BUILT_PRODUCTS_DIR)/TestProject.app/TestProject";
			};
			name = Debug;
		};
		F4013FB51A6CD1DC001DEDD4 /* Release */ = {
			isa = XCBuildConfiguration;
			buildSettings = {
				BUNDLE_LOADER = "$(TEST_HOST)";
				FRAMEWORK_SEARCH_PATHS = (
					"$(SDKROOT)/Developer/Library/Frameworks",
					"$(inherited)",
				);
				INFOPLIST_FILE = TestProjectTests/Info.plist;
				LD_RUNPATH_SEARCH_PATHS = "$(inherited) @executable_path/Frameworks @loader_path/Frameworks";
				PRODUCT_NAME = "$(TARGET_NAME)";
				TEST_HOST = "$(BUILT_PRODUCTS_DIR)/TestProject.app/TestProject";
			};
			name = Release;
		};
/* End XCBuildConfiguration section */

/* Begin XCConfigurationList section */
		F4013F881A6CD1DC001DEDD4 /* Build configuration list for PBXProject "TestProject" */ = {
			isa = XCConfigurationList;
			buildConfigurations = (
				F4013FAE1A6CD1DC001DEDD4 /* Debug */,
				F4013FAF1A6CD1DC001DEDD4 /* Release */,
			);
			defaultConfigurationIsVisible = 0;
			defaultConfigurationName = Release;
		};
		F4013FB01A6CD1DC001DEDD4 /* Build configuration list for PBXNativeTarget "TestProject" */ = {
			isa = XCConfigurationList;
			buildConfigurations = (
				F4013FB11A6CD1DC001DEDD4 /* Debug */,
				F4013FB21A6CD1DC001DEDD4 /* Release */,
			);
			defaultConfigurationIsVisible = 0;
		};
		F4013FB31A6CD1DC001DEDD4 /* Build configuration list for PBXNativeTarget "TestProjectTests" */ = {
			isa = XCConfigurationList;
			buildConfigurations = (
				F4013FB41A6CD1DC001DEDD4 /* Debug */,
				F4013FB51A6CD1DC001DEDD4 /* Release */,
			);
			defaultConfigurationIsVisible = 0;
		};
/* End XCConfigurationList section */
	};
	rootObject = F4013F851A6CD1DC001DEDD4 /* Project object */;
}
